
Microsoft Visual Studio Solution File, Format Version 12.00
# Visual Studio Version 17
VisualStudioVersion = 17.14.36429.23
MinimumVisualStudioVersion = 10.0.40219.1
Project("{FAE04EC0-301F-11D3-BF4B-00C04F79EFBC}") = "Singleton", "Singleton\Singleton.csproj", "{4AA84F47-6D53-47C8-ABCF-21FC6A2F9BE2}"
EndProject
Project("{FAE04EC0-301F-11D3-BF4B-00C04F79EFBC}") = "FactoryMethod", "FactoryMethod\FactoryMethod.csproj", "{F946250A-DD55-4A9B-B50F-F1950571FF69}"
EndProject
Project("{FAE04EC0-301F-11D3-BF4B-00C04F79EFBC}") = "AbstractFactory", "AbstractFactory\AbstractFactory.csproj", "{00BDF5FB-13E2-4C89-B628-EC2B032BF101}"
EndProject
Global
	GlobalSection(SolutionConfigurationPlatforms) = preSolution
		Debug|Any CPU = Debug|Any CPU
		Release|Any CPU = Release|Any CPU
	EndGlobalSection
	GlobalSection(ProjectConfigurationPlatforms) = postSolution
		{4AA84F47-6D53-47C8-ABCF-21FC6A2F9BE2}.Debug|Any CPU.ActiveCfg = Debug|Any CPU
		{4AA84F47-6D53-47C8-ABCF-21FC6A2F9BE2}.Debug|Any CPU.Build.0 = Debug|Any CPU
		{4AA84F47-6D53-47C8-ABCF-21FC6A2F9BE2}.Release|Any CPU.ActiveCfg = Release|Any CPU
		{4AA84F47-6D53-47C8-ABCF-21FC6A2F9BE2}.Release|Any CPU.Build.0 = Release|Any CPU
		{F946250A-DD55-4A9B-B50F-F1950571FF69}.Debug|Any CPU.ActiveCfg = Debug|Any CPU
		{F946250A-DD55-4A9B-B50F-F1950571FF69}.Debug|Any CPU.Build.0 = Debug|Any CPU
		{F946250A-DD55-4A9B-B50F-F1950571FF69}.Release|Any CPU.ActiveCfg = Release|Any CPU
		{F946250A-DD55-4A9B-B50F-F1950571FF69}.Release|Any CPU.Build.0 = Release|Any CPU
		{00BDF5FB-13E2-4C89-B628-EC2B032BF101}.Debug|Any CPU.ActiveCfg = Debug|Any CPU
		{00BDF5FB-13E2-4C89-B628-EC2B032BF101}.Debug|Any CPU.Build.0 = Debug|Any CPU
		{00BDF5FB-13E2-4C89-B628-EC2B032BF101}.Release|Any CPU.ActiveCfg = Release|Any CPU
		{00BDF5FB-13E2-4C89-B628-EC2B032BF101}.Release|Any CPU.Build.0 = Release|Any CPU
	EndGlobalSection
	GlobalSection(SolutionProperties) = preSolution
		HideSolutionNode = FALSE
	EndGlobalSection
	GlobalSection(ExtensibilityGlobals) = postSolution
		SolutionGuid = {5401D87D-E749-4B47-B87E-C59FECDE4DAE}
	EndGlobalSection
EndGlobal
